
Microsoft Visual Studio Solution File, Format Version 12.00
# Visual Studio Version 17
VisualStudioVersion = 17.9.34728.123
MinimumVisualStudioVersion = 10.0.40219.1
Project("{FAE04EC0-301F-11D3-BF4B-00C04F79EFBC}") = "Storey.Challenge", "Storey.Challenge\Storey.Challenge.csproj", "{A81CD846-0477-44B0-8D2E-9BE421AB18CA}"
EndProject
Project("{FAE04EC0-301F-11D3-BF4B-00C04F79EFBC}") = "Storey.DAL", "Storey.DAL\Storey.DAL.csproj", "{A635A8D8-9497-431B-928F-ADCF68D15C8B}"
EndProject
Global
	GlobalSection(SolutionConfigurationPlatforms) = preSolution
		Debug|Any CPU = Debug|Any CPU
		Release|Any CPU = Release|Any CPU
	EndGlobalSection
	GlobalSection(ProjectConfigurationPlatforms) = postSolution
		{A81CD846-0477-44B0-8D2E-9BE421AB18CA}.Debug|Any CPU.ActiveCfg = Debug|Any CPU
		{A81CD846-0477-44B0-8D2E-9BE421AB18CA}.Debug|Any CPU.Build.0 = Debug|Any CPU
		{A81CD846-0477-44B0-8D2E-9BE421AB18CA}.Release|Any CPU.ActiveCfg = Release|Any CPU
		{A81CD846-0477-44B0-8D2E-9BE421AB18CA}.Release|Any CPU.Build.0 = Release|Any CPU
		{A635A8D8-9497-431B-928F-ADCF68D15C8B}.Debug|Any CPU.ActiveCfg = Debug|Any CPU
		{A635A8D8-9497-431B-928F-ADCF68D15C8B}.Debug|Any CPU.Build.0 = Debug|Any CPU
		{A635A8D8-9497-431B-928F-ADCF68D15C8B}.Release|Any CPU.ActiveCfg = Release|Any CPU
		{A635A8D8-9497-431B-928F-ADCF68D15C8B}.Release|Any CPU.Build.0 = Release|Any CPU
	EndGlobalSection
	GlobalSection(SolutionProperties) = preSolution
		HideSolutionNode = FALSE
	EndGlobalSection
	GlobalSection(ExtensibilityGlobals) = postSolution
		SolutionGuid = {B67B4C18-3D98-498E-AFEB-33FF48780578}
	EndGlobalSection
EndGlobal
